<?xml version="1.0" encoding="UTF-8" standalone="yes" ?>
<CodeBlocks_project_file>
	<FileVersion major="1" minor="6" />
	<Project>
		<Option title="Lexecal Analyzer" />
		<Option pch_mode="2" />
		<Option compiler="gcc" />
		<Option virtualFolders="graph_package/;" />
		<Build>
			<Target title="Debug">
				<Option output="bin/Debug/Lexecal Analyzer" prefix_auto="1" extension_auto="1" />
				<Option object_output="obj/Debug/" />
				<Option type="1" />
				<Option compiler="gcc" />
				<Compiler>
					<Add option="-g" />
					<Add directory="lexical_analyzer_package" />
				</Compiler>
			</Target>
			<Target title="Release">
				<Option output="bin/Release/Lexecal Analyzer" prefix_auto="1" extension_auto="1" />
				<Option object_output="obj/Release/" />
				<Option type="1" />
				<Option compiler="gcc" />
				<Compiler>
					<Add option="-O2" />
					<Add directory="lexical_analyzer_package" />
				</Compiler>
				<Linker>
					<Add option="-s" />
				</Linker>
			</Target>
		</Build>
		<Compiler>
			<Add option="-Wall" />
			<Add option="-fexceptions" />
		</Compiler>
		<Unit filename="graph_package/Edge.cpp">
			<Option virtualFolder="graph_package/" />
		</Unit>
		<Unit filename="graph_package/Edge.h" />
		<Unit filename="graph_package/Graph.cpp" />
		<Unit filename="graph_package/Graph.h" />
		<Unit filename="graph_package/Node.cpp" />
		<Unit filename="graph_package/Node.h" />
		<Unit filename="lexical_analyzer_package/Automata.cpp" />
		<Unit filename="lexical_analyzer_package/Automata.h" />
		<Unit filename="lexical_analyzer_package/NFA_Generator.cpp" />
		<Unit filename="lexical_analyzer_package/NFA_Generator.h" />
		<Unit filename="lexical_analyzer_package/TokenManager.cpp" />
		<Unit filename="lexical_analyzer_package/TokenManager.h" />
		<Unit filename="main.cpp" />
		<Extensions>
			<code_completion />
			<debugger />
		</Extensions>
	</Project>
</CodeBlocks_project_file>
